
Microsoft Visual Studio Solution File, Format Version 12.00
# Visual Studio Version 17
VisualStudioVersion = 17.10.35027.167
MinimumVisualStudioVersion = 10.0.40219.1
Project("{FAE04EC0-301F-11D3-BF4B-00C04F79EFBC}") = "SIgnalR", "SIgnalR\SIgnalR.csproj", "{D00165AB-26CE-44D3-A708-4A244CC006F4}"
EndProject
Global
	GlobalSection(SolutionConfigurationPlatforms) = preSolution
		Debug|Any CPU = Debug|Any CPU
		Release|Any CPU = Release|Any CPU
	EndGlobalSection
	GlobalSection(ProjectConfigurationPlatforms) = postSolution
		{D00165AB-26CE-44D3-A708-4A244CC006F4}.Debug|Any CPU.ActiveCfg = Debug|Any CPU
		{D00165AB-26CE-44D3-A708-4A244CC006F4}.Debug|Any CPU.Build.0 = Debug|Any CPU
		{D00165AB-26CE-44D3-A708-4A244CC006F4}.Release|Any CPU.ActiveCfg = Release|Any CPU
		{D00165AB-26CE-44D3-A708-4A244CC006F4}.Release|Any CPU.Build.0 = Release|Any CPU
	EndGlobalSection
	GlobalSection(SolutionProperties) = preSolution
		HideSolutionNode = FALSE
	EndGlobalSection
	GlobalSection(ExtensibilityGlobals) = postSolution
		SolutionGuid = {6BE7FD57-F966-4E79-BE62-0B53BD3C4337}
	EndGlobalSection
EndGlobal
